{
  "version": "5",
  "specifiers": {
    "jsr:@hono/hono@*": "4.9.2",
    "jsr:@hono/hono@^4.9.2": "4.9.2",
    "jsr:@std/bytes@^1.0.6": "1.0.6",
    "jsr:@std/crypto@^1.0.5": "1.0.5",
    "jsr:@std/uuid@^1.0.9": "1.0.9",
    "npm:@types/node@*": "24.1.0"
  },
  "jsr": {
    "@hono/hono@4.9.2": {
      "integrity": "1a8ae7b0d9e4fecef440f991c604e032d5548dc313d1961073ac5d94809be52b"
    },
    "@std/bytes@1.0.6": {
      "integrity": "f6ac6adbd8ccd99314045f5703e23af0a68d7f7e58364b47d2c7f408aeb5820a"
    },
    "@std/crypto@1.0.5": {
      "integrity": "0dcfbb319fe0bba1bd3af904ceb4f948cde1b92979ec1614528380ed308a3b40"
    },
    "@std/uuid@1.0.9": {
      "integrity": "44b627bf2d372fe1bd099e2ad41b2be41a777fc94e62a3151006895a037f1642",
      "dependencies": [
        "jsr:@std/bytes",
        "jsr:@std/crypto"
      ]
    }
  },
  "npm": {
    "@types/node@24.1.0": {
      "integrity": "sha512-ut5FthK5moxFKH2T1CUOC6ctR67rQRvvHdFLCD2Ql6KXmMuCrjsSsRI9UsLCm9M18BMwClv4pn327UvB7eeO1w==",
      "dependencies": [
        "undici-types"
      ]
    },
    "undici-types@7.8.0": {
      "integrity": "sha512-9UJ2xGDvQ43tYyVMpuHlsgApydB8ZKfVYTsLDhXkFL/6gfkp+U8xTGdh8pMJv1SpZna0zxG1DwsKZsreLbXBxw=="
    }
  },
  "workspace": {
    "dependencies": [
      "jsr:@hono/hono@^4.9.2",
      "jsr:@std/uuid@^1.0.9"
    ]
  }
}
