{
  "version": "5",
  "specifiers": {
    "jsr:@hono/hono@*": "4.9.2",
    "jsr:@hono/hono@^4.9.2": "4.9.2",
    "npm:@types/node@*": "24.1.0"
  },
  "jsr": {
    "@hono/hono@4.9.2": {
      "integrity": "1a8ae7b0d9e4fecef440f991c604e032d5548dc313d1961073ac5d94809be52b"
    }
  },
  "npm": {
    "@types/node@24.1.0": {
      "integrity": "sha512-ut5FthK5moxFKH2T1CUOC6ctR67rQRvvHdFLCD2Ql6KXmMuCrjsSsRI9UsLCm9M18BMwClv4pn327UvB7eeO1w==",
      "dependencies": [
        "undici-types"
      ]
    },
    "undici-types@7.8.0": {
      "integrity": "sha512-9UJ2xGDvQ43tYyVMpuHlsgApydB8ZKfVYTsLDhXkFL/6gfkp+U8xTGdh8pMJv1SpZna0zxG1DwsKZsreLbXBxw=="
    }
  },
  "workspace": {
    "dependencies": [
      "jsr:@hono/hono@^4.9.2"
    ]
  }
}
